// !$*UTF8*$!
{
	archiveVersion = 1;
	classes = {
	};
	objectVersion = 46;
	objects = {

/* Begin PBXBuildFile section */
		C2F76B411946FB03009E5BD6 /* Foundation.framework in Frameworks */ = {isa = PBXBuildFile; fileRef = C2F76B401946FB03009E5BD6 /* Foundation.framework */; };
		C2F76B431946FB03009E5BD6 /* CoreGraphics.framework in Frameworks */ = {isa = PBXBuildFile; fileRef = C2F76B421946FB03009E5BD6 /* CoreGraphics.framework */; };
		C2F76B451946FB03009E5BD6 /* UIKit.framework in Frameworks */ = {isa = PBXBuildFile; fileRef = C2F76B441946FB03009E5BD6 /* UIKit.framework */; };
		C2F76B4B1946FB03009E5BD6 /* InfoPlist.strings in Resources */ = {isa = PBXBuildFile; fileRef = C2F76B491946FB03009E5BD6 /* InfoPlist.strings */; };
		C2F76B4D1946FB03009E5BD6 /* main.m in Sources */ = {isa = PBXBuildFile; fileRef = C2F76B4C1946FB03009E5BD6 /* main.m */; };
		C2F76B511946FB03009E5BD6 /* LWAppDelegate.m in Sources */ = {isa = PBXBuildFile; fileRef = C2F76B501946FB03009E5BD6 /* LWAppDelegate.m */; };
		C2F76B531946FB03009E5BD6 /* Images.xcassets in Resources */ = {isa = PBXBuildFile; fileRef = C2F76B521946FB03009E5BD6 /* Images.xcassets */; };
		C2F76B5A1946FB03009E5BD6 /* XCTest.framework in Frameworks */ = {isa = PBXBuildFile; fileRef = C2F76B591946FB03009E5BD6 /* XCTest.framework */; };
		C2F76B5B1946FB03009E5BD6 /* Foundation.framework in Frameworks */ = {isa = PBXBuildFile; fileRef = C2F76B401946FB03009E5BD6 /* Foundation.framework */; };
		C2F76B5C1946FB03009E5BD6 /* UIKit.framework in Frameworks */ = {isa = PBXBuildFile; fileRef = C2F76B441946FB03009E5BD6 /* UIKit.framework */; };
		C2F76B641946FB03009E5BD6 /* InfoPlist.strings in Resources */ = {isa = PBXBuildFile; fileRef = C2F76B621946FB03009E5BD6 /* InfoPlist.strings */; };
		C2F76B661946FB03009E5BD6 /* NewObjectsTests.m in Sources */ = {isa = PBXBuildFile; fileRef = C2F76B651946FB03009E5BD6 /* NewObjectsTests.m */; };
		C2F76B711947077D009E5BD6 /* LWFirstViewController.m in Sources */ = {isa = PBXBuildFile; fileRef = C2F76B701947077D009E5BD6 /* LWFirstViewController.m */; };
/* End PBXBuildFile section */

/* Begin PBXContainerItemProxy section */
		C2F76B5D1946FB03009E5BD6 /* PBXContainerItemProxy */ = {
			isa = PBXContainerItemProxy;
			containerPortal = C2F76B351946FB03009E5BD6 /* Project object */;
			proxyType = 1;
			remoteGlobalIDString = C2F76B3C1946FB03009E5BD6;
			remoteInfo = NewObjects;
		};
/* End PBXContainerItemProxy section */

/* Begin PBXFileReference section */
		C2F76B3D1946FB03009E5BD6 /* NewObjects.app */ = {isa = PBXFileReference; explicitFileType = wrapper.application; includeInIndex = 0; path = NewObjects.app; sourceTree = BUILT_PRODUCTS_DIR; };
		C2F76B401946FB03009E5BD6 /* Foundation.framework */ = {isa = PBXFileReference; lastKnownFileType = wrapper.framework; name = Foundation.framework; path = System/Library/Frameworks/Foundation.framework; sourceTree = SDKROOT; };
		C2F76B421946FB03009E5BD6 /* CoreGraphics.framework */ = {isa = PBXFileReference; lastKnownFileType = wrapper.framework; name = CoreGraphics.framework; path = System/Library/Frameworks/CoreGraphics.framework; sourceTree = SDKROOT; };
		C2F76B441946FB03009E5BD6 /* UIKit.framework */ = {isa = PBXFileReference; lastKnownFileType = wrapper.framework; name = UIKit.framework; path = System/Library/Frameworks/UIKit.framework; sourceTree = SDKROOT; };
		C2F76B481946FB03009E5BD6 /* NewObjects-Info.plist */ = {isa = PBXFileReference; lastKnownFileType = text.plist.xml; path = "NewObjects-Info.plist"; sourceTree = "<group>"; };
		C2F76B4A1946FB03009E5BD6 /* en */ = {isa = PBXFileReference; lastKnownFileType = text.plist.strings; name = en; path = en.lproj/InfoPlist.strings; sourceTree = "<group>"; };
		C2F76B4C1946FB03009E5BD6 /* main.m */ = {isa = PBXFileReference; lastKnownFileType = sourcecode.c.objc; path = main.m; sourceTree = "<group>"; };
		C2F76B4E1946FB03009E5BD6 /* NewObjects-Prefix.pch */ = {isa = PBXFileReference; lastKnownFileType = sourcecode.c.h; path = "NewObjects-Prefix.pch"; sourceTree = "<group>"; };
		C2F76B4F1946FB03009E5BD6 /* LWAppDelegate.h */ = {isa = PBXFileReference; lastKnownFileType = sourcecode.c.h; path = LWAppDelegate.h; sourceTree = "<group>"; };
		C2F76B501946FB03009E5BD6 /* LWAppDelegate.m */ = {isa = PBXFileReference; lastKnownFileType = sourcecode.c.objc; path = LWAppDelegate.m; sourceTree = "<group>"; };
		C2F76B521946FB03009E5BD6 /* Images.xcassets */ = {isa = PBXFileReference; lastKnownFileType = folder.assetcatalog; path = Images.xcassets; sourceTree = "<group>"; };
		C2F76B581946FB03009E5BD6 /* NewObjectsTests.xctest */ = {isa = PBXFileReference; explicitFileType = wrapper.cfbundle; includeInIndex = 0; path = NewObjectsTests.xctest; sourceTree = BUILT_PRODUCTS_DIR; };
		C2F76B591946FB03009E5BD6 /* XCTest.framework */ = {isa = PBXFileReference; lastKnownFileType = wrapper.framework; name = XCTest.framework; path = Library/Frameworks/XCTest.framework; sourceTree = DEVELOPER_DIR; };
		C2F76B611946FB03009E5BD6 /* NewObjectsTests-Info.plist */ = {isa = PBXFileReference; lastKnownFileType = text.plist.xml; path = "NewObjectsTests-Info.plist"; sourceTree = "<group>"; };
		C2F76B631946FB03009E5BD6 /* en */ = {isa = PBXFileReference; lastKnownFileType = text.plist.strings; name = en; path = en.lproj/InfoPlist.strings; sourceTree = "<group>"; };
		C2F76B651946FB03009E5BD6 /* NewObjectsTests.m */ = {isa = PBXFileReference; lastKnownFileType = sourcecode.c.objc; path = NewObjectsTests.m; sourceTree = "<group>"; };
		C2F76B6F1947077D009E5BD6 /* LWFirstViewController.h */ = {isa = PBXFileReference; fileEncoding = 4; lastKnownFileType = sourcecode.c.h; name = LWFirstViewController.h; path = ../LWFirstViewController.h; sourceTree = "<group>"; };
		C2F76B701947077D009E5BD6 /* LWFirstViewController.m */ = {isa = PBXFileReference; fileEncoding = 4; lastKnownFileType = sourcecode.c.objc; name = LWFirstViewController.m; path = ../LWFirstViewController.m; sourceTree = "<group>"; };
/* End PBXFileReference section */

/* Begin PBXFrameworksBuildPhase section */
		C2F76B3A1946FB03009E5BD6 /* Frameworks */ = {
			isa = PBXFrameworksBuildPhase;
			buildActionMask = 2147483647;
			files = (
				C2F76B431946FB03009E5BD6 /* CoreGraphics.framework in Frameworks */,
				C2F76B451946FB03009E5BD6 /* UIKit.framework in Frameworks */,
				C2F76B411946FB03009E5BD6 /* Foundation.framework in Frameworks */,
			);
			runOnlyForDeploymentPostprocessing = 0;
		};
		C2F76B551946FB03009E5BD6 /* Frameworks */ = {
			isa = PBXFrameworksBuildPhase;
			buildActionMask = 2147483647;
			files = (
				C2F76B5A1946FB03009E5BD6 /* XCTest.framework in Frameworks */,
				C2F76B5C1946FB03009E5BD6 /* UIKit.framework in Frameworks */,
				C2F76B5B1946FB03009E5BD6 /* Foundation.framework in Frameworks */,
			);
			runOnlyForDeploymentPostprocessing = 0;
		};
/* End PBXFrameworksBuildPhase section */

/* Begin PBXGroup section */
		C2F76B341946FB03009E5BD6 = {
			isa = PBXGroup;
			children = (
				C2F76B461946FB03009E5BD6 /* NewObjects */,
				C2F76B5F1946FB03009E5BD6 /* NewObjectsTests */,
				C2F76B3F1946FB03009E5BD6 /* Frameworks */,
				C2F76B3E1946FB03009E5BD6 /* Products */,
			);
			sourceTree = "<group>";
		};
		C2F76B3E1946FB03009E5BD6 /* Products */ = {
			isa = PBXGroup;
			children = (
				C2F76B3D1946FB03009E5BD6 /* NewObjects.app */,
				C2F76B581946FB03009E5BD6 /* NewObjectsTests.xctest */,
			);
			name = Products;
			sourceTree = "<group>";
		};
		C2F76B3F1946FB03009E5BD6 /* Frameworks */ = {
			isa = PBXGroup;
			children = (
				C2F76B401946FB03009E5BD6 /* Foundation.framework */,
				C2F76B421946FB03009E5BD6 /* CoreGraphics.framework */,
				C2F76B441946FB03009E5BD6 /* UIKit.framework */,
				C2F76B591946FB03009E5BD6 /* XCTest.framework */,
			);
			name = Frameworks;
			sourceTree = "<group>";
		};
		C2F76B461946FB03009E5BD6 /* NewObjects */ = {
			isa = PBXGroup;
			children = (
				C2F76B4F1946FB03009E5BD6 /* LWAppDelegate.h */,
				C2F76B6F1947077D009E5BD6 /* LWFirstViewController.h */,
				C2F76B701947077D009E5BD6 /* LWFirstViewController.m */,
				C2F76B501946FB03009E5BD6 /* LWAppDelegate.m */,
				C2F76B521946FB03009E5BD6 /* Images.xcassets */,
				C2F76B471946FB03009E5BD6 /* Supporting Files */,
			);
			path = NewObjects;
			sourceTree = "<group>";
		};
		C2F76B471946FB03009E5BD6 /* Supporting Files */ = {
			isa = PBXGroup;
			children = (
				C2F76B481946FB03009E5BD6 /* NewObjects-Info.plist */,
				C2F76B491946FB03009E5BD6 /* InfoPlist.strings */,
				C2F76B4C1946FB03009E5BD6 /* main.m */,
				C2F76B4E1946FB03009E5BD6 /* NewObjects-Prefix.pch */,
			);
			name = "Supporting Files";
			sourceTree = "<group>";
		};
		C2F76B5F1946FB03009E5BD6 /* NewObjectsTests */ = {
			isa = PBXGroup;
			children = (
				C2F76B651946FB03009E5BD6 /* NewObjectsTests.m */,
				C2F76B601946FB03009E5BD6 /* Supporting Files */,
			);
			path = NewObjectsTests;
			sourceTree = "<group>";
		};
		C2F76B601946FB03009E5BD6 /* Supporting Files */ = {
			isa = PBXGroup;
			children = (
				C2F76B611946FB03009E5BD6 /* NewObjectsTests-Info.plist */,
				C2F76B621946FB03009E5BD6 /* InfoPlist.strings */,
			);
			name = "Supporting Files";
			sourceTree = "<group>";
		};
/* End PBXGroup section */

/* Begin PBXNativeTarget section */
		C2F76B3C1946FB03009E5BD6 /* NewObjects */ = {
			isa = PBXNativeTarget;
			buildConfigurationList = C2F76B691946FB03009E5BD6 /* Build configuration list for PBXNativeTarget "NewObjects" */;
			buildPhases = (
				C2F76B391946FB03009E5BD6 /* Sources */,
				C2F76B3A1946FB03009E5BD6 /* Frameworks */,
				C2F76B3B1946FB03009E5BD6 /* Resources */,
			);
			buildRules = (
			);
			dependencies = (
			);
			name = NewObjects;
			productName = NewObjects;
			productReference = C2F76B3D1946FB03009E5BD6 /* NewObjects.app */;
			productType = "com.apple.product-type.application";
		};
		C2F76B571946FB03009E5BD6 /* NewObjectsTests */ = {
			isa = PBXNativeTarget;
			buildConfigurationList = C2F76B6C1946FB03009E5BD6 /* Build configuration list for PBXNativeTarget "NewObjectsTests" */;
			buildPhases = (
				C2F76B541946FB03009E5BD6 /* Sources */,
				C2F76B551946FB03009E5BD6 /* Frameworks */,
				C2F76B561946FB03009E5BD6 /* Resources */,
			);
			buildRules = (
			);
			dependencies = (
				C2F76B5E1946FB03009E5BD6 /* PBXTargetDependency */,
			);
			name = NewObjectsTests;
			productName = NewObjectsTests;
			productReference = C2F76B581946FB03009E5BD6 /* NewObjectsTests.xctest */;
			productType = "com.apple.product-type.bundle.unit-test";
		};
/* End PBXNativeTarget section */

/* Begin PBXProject section */
		C2F76B351946FB03009E5BD6 /* Project object */ = {
			isa = PBXProject;
			attributes = {
				CLASSPREFIX = LW;
				LastUpgradeCheck = 0500;
				ORGANIZATIONNAME = lanou3g;
				TargetAttributes = {
					C2F76B571946FB03009E5BD6 = {
						TestTargetID = C2F76B3C1946FB03009E5BD6;
					};
				};
			};
			buildConfigurationList = C2F76B381946FB03009E5BD6 /* Build configuration list for PBXProject "NewObjects" */;
			compatibilityVersion = "Xcode 3.2";
			developmentRegion = English;
			hasScannedForEncodings = 0;
			knownRegions = (
				en,
			);
			mainGroup = C2F76B341946FB03009E5BD6;
			productRefGroup = C2F76B3E1946FB03009E5BD6 /* Products */;
			projectDirPath = "";
			projectRoot = "";
			targets = (
				C2F76B3C1946FB03009E5BD6 /* NewObjects */,
				C2F76B571946FB03009E5BD6 /* NewObjectsTests */,
			);
		};
/* End PBXProject section */

/* Begin PBXResourcesBuildPhase section */
		C2F76B3B1946FB03009E5BD6 /* Resources */ = {
			isa = PBXResourcesBuildPhase;
			buildActionMask = 2147483647;
			files = (
				C2F76B4B1946FB03009E5BD6 /* InfoPlist.strings in Resources */,
				C2F76B531946FB03009E5BD6 /* Images.xcassets in Resources */,
			);
			runOnlyForDeploymentPostprocessing = 0;
		};
		C2F76B561946FB03009E5BD6 /* Resources */ = {
			isa = PBXResourcesBuildPhase;
			buildActionMask = 2147483647;
			files = (
				C2F76B641946FB03009E5BD6 /* InfoPlist.strings in Resources */,
			);
			runOnlyForDeploymentPostprocessing = 0;
		};
/* End PBXResourcesBuildPhase section */

/* Begin PBXSourcesBuildPhase section */
		C2F76B391946FB03009E5BD6 /* Sources */ = {
			isa = PBXSourcesBuildPhase;
			buildActionMask = 2147483647;
			files = (
				C2F76B4D1946FB03009E5BD6 /* main.m in Sources */,
				C2F76B511946FB03009E5BD6 /* LWAppDelegate.m in Sources */,
				C2F76B711947077D009E5BD6 /* LWFirstViewController.m in Sources */,
			);
			runOnlyForDeploymentPostprocessing = 0;
		};
		C2F76B541946FB03009E5BD6 /* Sources */ = {
			isa = PBXSourcesBuildPhase;
			buildActionMask = 2147483647;
			files = (
				C2F76B661946FB03009E5BD6 /* NewObjectsTests.m in Sources */,
			);
			runOnlyForDeploymentPostprocessing = 0;
		};
/* End PBXSourcesBuildPhase section */

/* Begin PBXTargetDependency section */
		C2F76B5E1946FB03009E5BD6 /* PBXTargetDependency */ = {
			isa = PBXTargetDependency;
			target = C2F76B3C1946FB03009E5BD6 /* NewObjects */;
			targetProxy = C2F76B5D1946FB03009E5BD6 /* PBXContainerItemProxy */;
		};
/* End PBXTargetDependency section */

/* Begin PBXVariantGroup section */
		C2F76B491946FB03009E5BD6 /* InfoPlist.strings */ = {
			isa = PBXVariantGroup;
			children = (
				C2F76B4A1946FB03009E5BD6 /* en */,
			);
			name = InfoPlist.strings;
			sourceTree = "<group>";
		};
		C2F76B621946FB03009E5BD6 /* InfoPlist.strings */ = {
			isa = PBXVariantGroup;
			children = (
				C2F76B631946FB03009E5BD6 /* en */,
			);
			name = InfoPlist.strings;
			sourceTree = "<group>";
		};
/* End PBXVariantGroup section */

/* Begin XCBuildConfiguration section */
		C2F76B671946FB03009E5BD6 /* Debug */ = {
			isa = XCBuildConfiguration;
			buildSettings = {
				ALWAYS_SEARCH_USER_PATHS = NO;
				ARCHS = "$(ARCHS_STANDARD_INCLUDING_64_BIT)";
				CLANG_CXX_LANGUAGE_STANDARD = "gnu++0x";
				CLANG_CXX_LIBRARY = "libc++";
				CLANG_ENABLE_MODULES = YES;
				CLANG_ENABLE_OBJC_ARC = YES;
				CLANG_WARN_BOOL_CONVERSION = YES;
				CLANG_WARN_CONSTANT_CONVERSION = YES;
				CLANG_WARN_DIRECT_OBJC_ISA_USAGE = YES_ERROR;
				CLANG_WARN_EMPTY_BODY = YES;
				CLANG_WARN_ENUM_CONVERSION = YES;
				CLANG_WARN_INT_CONVERSION = YES;
				CLANG_WARN_OBJC_ROOT_CLASS = YES_ERROR;
				CLANG_WARN__DUPLICATE_METHOD_MATCH = YES;
				"CODE_SIGN_IDENTITY[sdk=iphoneos*]" = "iPhone Developer";
				COPY_PHASE_STRIP = NO;
				GCC_C_LANGUAGE_STANDARD = gnu99;
				GCC_DYNAMIC_NO_PIC = NO;
				GCC_OPTIMIZATION_LEVEL = 0;
				GCC_PREPROCESSOR_DEFINITIONS = (
					"DEBUG=1",
					"$(inherited)",
				);
				GCC_SYMBOLS_PRIVATE_EXTERN = NO;
				GCC_WARN_64_TO_32_BIT_CONVERSION = YES;
				GCC_WARN_ABOUT_RETURN_TYPE = YES_ERROR;
				GCC_WARN_UNDECLARED_SELECTOR = YES;
				GCC_WARN_UNINITIALIZED_AUTOS = YES;
				GCC_WARN_UNUSED_FUNCTION = YES;
				GCC_WARN_UNUSED_VARIABLE = YES;
				IPHONEOS_DEPLOYMENT_TARGET = 7.0;
				ONLY_ACTIVE_ARCH = YES;
				SDKROOT = iphoneos;
			};
			name = Debug;
		};
		C2F76B681946FB03009E5BD6 /* Release */ = {
			isa = XCBuildConfiguration;
			buildSettings = {
				ALWAYS_SEARCH_USER_PATHS = NO;
				ARCHS = "$(ARCHS_STANDARD_INCLUDING_64_BIT)";
				CLANG_CXX_LANGUAGE_STANDARD = "gnu++0x";
				CLANG_CXX_LIBRARY = "libc++";
				CLANG_ENABLE_MODULES = YES;
				CLANG_ENABLE_OBJC_ARC = YES;
				CLANG_WARN_BOOL_CONVERSION = YES;
				CLANG_WARN_CONSTANT_CONVERSION = YES;
				CLANG_WARN_DIRECT_OBJC_ISA_USAGE = YES_ERROR;
				CLANG_WARN_EMPTY_BODY = YES;
				CLANG_WARN_ENUM_CONVERSION = YES;
				CLANG_WARN_INT_CONVERSION = YES;
				CLANG_WARN_OBJC_ROOT_CLASS = YES_ERROR;
				CLANG_WARN__DUPLICATE_METHOD_MATCH = YES;
				"CODE_SIGN_IDENTITY[sdk=iphoneos*]" = "iPhone Developer";
				COPY_PHASE_STRIP = YES;
				ENABLE_NS_ASSERTIONS = NO;
				GCC_C_LANGUAGE_STANDARD = gnu99;
				GCC_WARN_64_TO_32_BIT_CONVERSION = YES;
				GCC_WARN_ABOUT_RETURN_TYPE = YES_ERROR;
				GCC_WARN_UNDECLARED_SELECTOR = YES;
				GCC_WARN_UNINITIALIZED_AUTOS = YES;
				GCC_WARN_UNUSED_FUNCTION = YES;
				GCC_WARN_UNUSED_VARIABLE = YES;
				IPHONEOS_DEPLOYMENT_TARGET = 7.0;
				SDKROOT = iphoneos;
				VALIDATE_PRODUCT = YES;
			};
			name = Release;
		};
		C2F76B6A1946FB03009E5BD6 /* Debug */ = {
			isa = XCBuildConfiguration;
			buildSettings = {
				ASSETCATALOG_COMPILER_APPICON_NAME = AppIcon;
				ASSETCATALOG_COMPILER_LAUNCHIMAGE_NAME = LaunchImage;
				GCC_PRECOMPILE_PREFIX_HEADER = YES;
				GCC_PREFIX_HEADER = "NewObjects/NewObjects-Prefix.pch";
				INFOPLIST_FILE = "NewObjects/NewObjects-Info.plist";
				PRODUCT_NAME = "$(TARGET_NAME)";
				WRAPPER_EXTENSION = app;
			};
			name = Debug;
		};
		C2F76B6B1946FB03009E5BD6 /* Release */ = {
			isa = XCBuildConfiguration;
			buildSettings = {
				ASSETCATALOG_COMPILER_APPICON_NAME = AppIcon;
				ASSETCATALOG_COMPILER_LAUNCHIMAGE_NAME = LaunchImage;
				GCC_PRECOMPILE_PREFIX_HEADER = YES;
				GCC_PREFIX_HEADER = "NewObjects/NewObjects-Prefix.pch";
				INFOPLIST_FILE = "NewObjects/NewObjects-Info.plist";
				PRODUCT_NAME = "$(TARGET_NAME)";
				WRAPPER_EXTENSION = app;
			};
			name = Release;
		};
		C2F76B6D1946FB03009E5BD6 /* Debug */ = {
			isa = XCBuildConfiguration;
			buildSettings = {
				ARCHS = "$(ARCHS_STANDARD_INCLUDING_64_BIT)";
				BUNDLE_LOADER = "$(BUILT_PRODUCTS_DIR)/NewObjects.app/NewObjects";
				FRAMEWORK_SEARCH_PATHS = (
					"$(SDKROOT)/Developer/Library/Frameworks",
					"$(inherited)",
					"$(DEVELOPER_FRAMEWORKS_DIR)",
				);
				GCC_PRECOMPILE_PREFIX_HEADER = YES;
				GCC_PREFIX_HEADER = "NewObjects/NewObjects-Prefix.pch";
				GCC_PREPROCESSOR_DEFINITIONS = (
					"DEBUG=1",
					"$(inherited)",
				);
				INFOPLIST_FILE = "NewObjectsTests/NewObjectsTests-Info.plist";
				PRODUCT_NAME = "$(TARGET_NAME)";
				TEST_HOST = "$(BUNDLE_LOADER)";
				WRAPPER_EXTENSION = xctest;
			};
			name = Debug;
		};
		C2F76B6E1946FB03009E5BD6 /* Release */ = {
			isa = XCBuildConfiguration;
			buildSettings = {
				ARCHS = "$(ARCHS_STANDARD_INCLUDING_64_BIT)";
				BUNDLE_LOADER = "$(BUILT_PRODUCTS_DIR)/NewObjects.app/NewObjects";
				FRAMEWORK_SEARCH_PATHS = (
					"$(SDKROOT)/Developer/Library/Frameworks",
					"$(inherited)",
					"$(DEVELOPER_FRAMEWORKS_DIR)",
				);
				GCC_PRECOMPILE_PREFIX_HEADER = YES;
				GCC_PREFIX_HEADER = "NewObjects/NewObjects-Prefix.pch";
				INFOPLIST_FILE = "NewObjectsTests/NewObjectsTests-Info.plist";
				PRODUCT_NAME = "$(TARGET_NAME)";
				TEST_HOST = "$(BUNDLE_LOADER)";
				WRAPPER_EXTENSION = xctest;
			};
			name = Release;
		};
/* End XCBuildConfiguration section */

/* Begin XCConfigurationList section */
		C2F76B381946FB03009E5BD6 /* Build configuration list for PBXProject "NewObjects" */ = {
			isa = XCConfigurationList;
			buildConfigurations = (
				C2F76B671946FB03009E5BD6 /* Debug */,
				C2F76B681946FB03009E5BD6 /* Release */,
			);
			defaultConfigurationIsVisible = 0;
			defaultConfigurationName = Release;
		};
		C2F76B691946FB03009E5BD6 /* Build configuration list for PBXNativeTarget "NewObjects" */ = {
			isa = XCConfigurationList;
			buildConfigurations = (
				C2F76B6A1946FB03009E5BD6 /* Debug */,
				C2F76B6B1946FB03009E5BD6 /* Release */,
			);
			defaultConfigurationIsVisible = 0;
			defaultConfigurationName = Release;
		};
		C2F76B6C1946FB03009E5BD6 /* Build configuration list for PBXNativeTarget "NewObjectsTests" */ = {
			isa = XCConfigurationList;
			buildConfigurations = (
				C2F76B6D1946FB03009E5BD6 /* Debug */,
				C2F76B6E1946FB03009E5BD6 /* Release */,
			);
			defaultConfigurationIsVisible = 0;
			defaultConfigurationName = Release;
		};
/* End XCConfigurationList section */
	};
	rootObject = C2F76B351946FB03009E5BD6 /* Project object */;
}
